
Microsoft Visual Studio Solution File, Format Version 12.00
# Visual Studio Version 17
VisualStudioVersion = 17.5.33424.131
MinimumVisualStudioVersion = 10.0.40219.1
Project("{FAE04EC0-301F-11D3-BF4B-00C04F79EFBC}") = "LibSys", "LibSys\LibSys.csproj", "{07EA9483-48A5-4074-9B0C-94D391EBB080}"
EndProject
Global
	GlobalSection(SolutionConfigurationPlatforms) = preSolution
		Debug|Any CPU = Debug|Any CPU
		Release|Any CPU = Release|Any CPU
	EndGlobalSection
	GlobalSection(ProjectConfigurationPlatforms) = postSolution
		{07EA9483-48A5-4074-9B0C-94D391EBB080}.Debug|Any CPU.ActiveCfg = Debug|Any CPU
		{07EA9483-48A5-4074-9B0C-94D391EBB080}.Debug|Any CPU.Build.0 = Debug|Any CPU
		{07EA9483-48A5-4074-9B0C-94D391EBB080}.Release|Any CPU.ActiveCfg = Release|Any CPU
		{07EA9483-48A5-4074-9B0C-94D391EBB080}.Release|Any CPU.Build.0 = Release|Any CPU
	EndGlobalSection
	GlobalSection(SolutionProperties) = preSolution
		HideSolutionNode = FALSE
	EndGlobalSection
	GlobalSection(ExtensibilityGlobals) = postSolution
		SolutionGuid = {06D055D5-8692-48DD-BE9F-1D1479F09372}
	EndGlobalSection
EndGlobal
